
Microsoft Visual Studio Solution File, Format Version 12.00
# Visual Studio Version 17
VisualStudioVersion = 17.14.36401.2
MinimumVisualStudioVersion = 10.0.40219.1
Project("{FAE04EC0-301F-11D3-BF4B-00C04F79EFBC}") = "CloneExplorer", "CloneExplorer\CloneExplorer.csproj", "{DEA2D378-8C53-4ACB-BD1B-E8E99198CDE8}"
EndProject
Project("{FAE04EC0-301F-11D3-BF4B-00C04F79EFBC}") = "CloneExplorer.Support", "CloneExplorer.Support\CloneExplorer.Support.csproj", "{CA7A28F3-B6D1-4807-BF16-DDA634D85A1F}"
EndProject
Project("{FAE04EC0-301F-11D3-BF4B-00C04F79EFBC}") = "CloneExplorer.Forms", "CloneExplorer.Forms\CloneExplorer.Forms.csproj", "{693CAB91-1651-4670-B835-38390DE403F2}"
EndProject
Global
	GlobalSection(SolutionConfigurationPlatforms) = preSolution
		Debug|Any CPU = Debug|Any CPU
		Release|Any CPU = Release|Any CPU
	EndGlobalSection
	GlobalSection(ProjectConfigurationPlatforms) = postSolution
		{DEA2D378-8C53-4ACB-BD1B-E8E99198CDE8}.Debug|Any CPU.ActiveCfg = Debug|Any CPU
		{DEA2D378-8C53-4ACB-BD1B-E8E99198CDE8}.Debug|Any CPU.Build.0 = Debug|Any CPU
		{DEA2D378-8C53-4ACB-BD1B-E8E99198CDE8}.Release|Any CPU.ActiveCfg = Release|Any CPU
		{DEA2D378-8C53-4ACB-BD1B-E8E99198CDE8}.Release|Any CPU.Build.0 = Release|Any CPU
		{CA7A28F3-B6D1-4807-BF16-DDA634D85A1F}.Debug|Any CPU.ActiveCfg = Debug|Any CPU
		{CA7A28F3-B6D1-4807-BF16-DDA634D85A1F}.Debug|Any CPU.Build.0 = Debug|Any CPU
		{CA7A28F3-B6D1-4807-BF16-DDA634D85A1F}.Release|Any CPU.ActiveCfg = Release|Any CPU
		{CA7A28F3-B6D1-4807-BF16-DDA634D85A1F}.Release|Any CPU.Build.0 = Release|Any CPU
		{693CAB91-1651-4670-B835-38390DE403F2}.Debug|Any CPU.ActiveCfg = Debug|Any CPU
		{693CAB91-1651-4670-B835-38390DE403F2}.Debug|Any CPU.Build.0 = Debug|Any CPU
		{693CAB91-1651-4670-B835-38390DE403F2}.Release|Any CPU.ActiveCfg = Release|Any CPU
		{693CAB91-1651-4670-B835-38390DE403F2}.Release|Any CPU.Build.0 = Release|Any CPU
	EndGlobalSection
	GlobalSection(SolutionProperties) = preSolution
		HideSolutionNode = FALSE
	EndGlobalSection
	GlobalSection(ExtensibilityGlobals) = postSolution
		SolutionGuid = {C63FFD27-3DB4-484F-B4FB-CBFD0BC42D0F}
	EndGlobalSection
EndGlobal
